
Microsoft Visual Studio Solution File, Format Version 12.00
# Visual Studio Version 17
VisualStudioVersion = 17.0.32014.148
MinimumVisualStudioVersion = 10.0.40219.1
Project("{FAE04EC0-301F-11D3-BF4B-00C04F79EFBC}") = "Lab_10(Comp. gr.)", "Lab_10(Comp. gr.)\Lab_10(Comp. gr.).csproj", "{00DCAE33-D975-4EFF-BE8F-8D7420222750}"
EndProject
Global
	GlobalSection(SolutionConfigurationPlatforms) = preSolution
		Debug|Any CPU = Debug|Any CPU
		Release|Any CPU = Release|Any CPU
	EndGlobalSection
	GlobalSection(ProjectConfigurationPlatforms) = postSolution
		{00DCAE33-D975-4EFF-BE8F-8D7420222750}.Debug|Any CPU.ActiveCfg = Debug|Any CPU
		{00DCAE33-D975-4EFF-BE8F-8D7420222750}.Debug|Any CPU.Build.0 = Debug|Any CPU
		{00DCAE33-D975-4EFF-BE8F-8D7420222750}.Release|Any CPU.ActiveCfg = Release|Any CPU
		{00DCAE33-D975-4EFF-BE8F-8D7420222750}.Release|Any CPU.Build.0 = Release|Any CPU
	EndGlobalSection
	GlobalSection(SolutionProperties) = preSolution
		HideSolutionNode = FALSE
	EndGlobalSection
	GlobalSection(ExtensibilityGlobals) = postSolution
		SolutionGuid = {EE221935-4C68-4D98-8E26-1D643B851DEA}
	EndGlobalSection
EndGlobal
